
Microsoft Visual Studio Solution File, Format Version 12.00
# Visual Studio Version 16
VisualStudioVersion = 16.0.30621.155
MinimumVisualStudioVersion = 10.0.40219.1
Project("{9A19103F-16F7-4668-BE54-9A1E7A4F7556}") = "WebApplication1", "web\WebApplication1.csproj", "{24301503-B4FB-436C-B47D-DEE53C78433C}"
EndProject
Project("{9A19103F-16F7-4668-BE54-9A1E7A4F7556}") = "ShoppingLibrary", "lib\ShoppingLibrary.csproj", "{B1A29B8C-CB08-4866-BE05-77E6F33E621B}"
EndProject
Global
	GlobalSection(SolutionConfigurationPlatforms) = preSolution
		Debug|Any CPU = Debug|Any CPU
		Release|Any CPU = Release|Any CPU
	EndGlobalSection
	GlobalSection(ProjectConfigurationPlatforms) = postSolution
		{24301503-B4FB-436C-B47D-DEE53C78433C}.Debug|Any CPU.ActiveCfg = Debug|Any CPU
		{24301503-B4FB-436C-B47D-DEE53C78433C}.Debug|Any CPU.Build.0 = Debug|Any CPU
		{24301503-B4FB-436C-B47D-DEE53C78433C}.Release|Any CPU.ActiveCfg = Release|Any CPU
		{24301503-B4FB-436C-B47D-DEE53C78433C}.Release|Any CPU.Build.0 = Release|Any CPU
		{B1A29B8C-CB08-4866-BE05-77E6F33E621B}.Debug|Any CPU.ActiveCfg = Debug|Any CPU
		{B1A29B8C-CB08-4866-BE05-77E6F33E621B}.Debug|Any CPU.Build.0 = Debug|Any CPU
		{B1A29B8C-CB08-4866-BE05-77E6F33E621B}.Release|Any CPU.ActiveCfg = Release|Any CPU
		{B1A29B8C-CB08-4866-BE05-77E6F33E621B}.Release|Any CPU.Build.0 = Release|Any CPU
	EndGlobalSection
	GlobalSection(SolutionProperties) = preSolution
		HideSolutionNode = FALSE
	EndGlobalSection
	GlobalSection(ExtensibilityGlobals) = postSolution
		SolutionGuid = {58E45756-34ED-45FC-BD4D-E77F1B178331}
	EndGlobalSection
EndGlobal
